
Microsoft Visual Studio Solution File, Format Version 12.00
# Visual Studio Version 17
VisualStudioVersion = 17.3.32929.385
MinimumVisualStudioVersion = 10.0.40219.1
Project("{FAE04EC0-301F-11D3-BF4B-00C04F79EFBC}") = "Sprint3", "Sprint3\Sprint3.csproj", "{7985F6D6-3868-4AC5-9696-F739EEE15F50}"
EndProject
Global
	GlobalSection(SolutionConfigurationPlatforms) = preSolution
		Debug|Any CPU = Debug|Any CPU
		Release|Any CPU = Release|Any CPU
	EndGlobalSection
	GlobalSection(ProjectConfigurationPlatforms) = postSolution
		{7985F6D6-3868-4AC5-9696-F739EEE15F50}.Debug|Any CPU.ActiveCfg = Debug|Any CPU
		{7985F6D6-3868-4AC5-9696-F739EEE15F50}.Debug|Any CPU.Build.0 = Debug|Any CPU
		{7985F6D6-3868-4AC5-9696-F739EEE15F50}.Release|Any CPU.ActiveCfg = Release|Any CPU
		{7985F6D6-3868-4AC5-9696-F739EEE15F50}.Release|Any CPU.Build.0 = Release|Any CPU
	EndGlobalSection
	GlobalSection(SolutionProperties) = preSolution
		HideSolutionNode = FALSE
	EndGlobalSection
	GlobalSection(ExtensibilityGlobals) = postSolution
		SolutionGuid = {51609DE7-A9E3-4337-AA2B-3CC642B4251A}
	EndGlobalSection
EndGlobal

